
Microsoft Visual Studio Solution File, Format Version 12.00
# Visual Studio Version 17
VisualStudioVersion = 17.14.36915.13 d17.14
MinimumVisualStudioVersion = 10.0.40219.1
Project("{FAE04EC0-301F-11D3-BF4B-00C04F79EFBC}") = "Task 2", "Task 2\Task 2.csproj", "{48EEEE3B-600B-4677-9B6C-C32DCBC5A70B}"
EndProject
Global
	GlobalSection(SolutionConfigurationPlatforms) = preSolution
		Debug|Any CPU = Debug|Any CPU
		Release|Any CPU = Release|Any CPU
	EndGlobalSection
	GlobalSection(ProjectConfigurationPlatforms) = postSolution
		{48EEEE3B-600B-4677-9B6C-C32DCBC5A70B}.Debug|Any CPU.ActiveCfg = Debug|Any CPU
		{48EEEE3B-600B-4677-9B6C-C32DCBC5A70B}.Debug|Any CPU.Build.0 = Debug|Any CPU
		{48EEEE3B-600B-4677-9B6C-C32DCBC5A70B}.Release|Any CPU.ActiveCfg = Release|Any CPU
		{48EEEE3B-600B-4677-9B6C-C32DCBC5A70B}.Release|Any CPU.Build.0 = Release|Any CPU
	EndGlobalSection
	GlobalSection(SolutionProperties) = preSolution
		HideSolutionNode = FALSE
	EndGlobalSection
	GlobalSection(ExtensibilityGlobals) = postSolution
		SolutionGuid = {6C4826DE-CCD9-416C-8ACB-3C42A5CEC2BB}
	EndGlobalSection
EndGlobal
