
Microsoft Visual Studio Solution File, Format Version 12.00
# Visual Studio Version 17
VisualStudioVersion = 17.14.36915.13 d17.14
MinimumVisualStudioVersion = 10.0.40219.1
Project("{FAE04EC0-301F-11D3-BF4B-00C04F79EFBC}") = "Task 5", "Task 5\Task 5.csproj", "{764FF156-7496-4565-9251-00942843C6AA}"
EndProject
Global
	GlobalSection(SolutionConfigurationPlatforms) = preSolution
		Debug|Any CPU = Debug|Any CPU
		Release|Any CPU = Release|Any CPU
	EndGlobalSection
	GlobalSection(ProjectConfigurationPlatforms) = postSolution
		{764FF156-7496-4565-9251-00942843C6AA}.Debug|Any CPU.ActiveCfg = Debug|Any CPU
		{764FF156-7496-4565-9251-00942843C6AA}.Debug|Any CPU.Build.0 = Debug|Any CPU
		{764FF156-7496-4565-9251-00942843C6AA}.Release|Any CPU.ActiveCfg = Release|Any CPU
		{764FF156-7496-4565-9251-00942843C6AA}.Release|Any CPU.Build.0 = Release|Any CPU
	EndGlobalSection
	GlobalSection(SolutionProperties) = preSolution
		HideSolutionNode = FALSE
	EndGlobalSection
	GlobalSection(ExtensibilityGlobals) = postSolution
		SolutionGuid = {A90DBAE2-ACBA-4323-A190-31F7F11E4592}
	EndGlobalSection
EndGlobal
